
Microsoft Visual Studio Solution File, Format Version 12.00
# Visual Studio 14
VisualStudioVersion = 14.0.25123.0
MinimumVisualStudioVersion = 10.0.40219.1
Project("{FAE04EC0-301F-11D3-BF4B-00C04F79EFBC}") = "CiaoMondo", "CiaoMondo\CiaoMondo.csproj", "{F30627FD-0D97-4C63-9CC6-DF19331F394A}"
EndProject
Project("{FAE04EC0-301F-11D3-BF4B-00C04F79EFBC}") = "Console_incremento", "Console_incremento\Console_incremento.csproj", "{5CD7D2DF-1120-4184-9EFF-0FB56C5E24C1}"
EndProject
Project("{FAE04EC0-301F-11D3-BF4B-00C04F79EFBC}") = "Console_array", "Console_array\Console_array.csproj", "{8968BC4C-F630-447D-BAAA-33F2C06561A6}"
EndProject
Project("{FAE04EC0-301F-11D3-BF4B-00C04F79EFBC}") = "Console_ciao", "Console_ciao\Console_ciao.csproj", "{E956C8E4-0CBD-49E9-8C95-2F2D14F4EF4B}"
EndProject
Global
	GlobalSection(SolutionConfigurationPlatforms) = preSolution
		Debug|Any CPU = Debug|Any CPU
		Release|Any CPU = Release|Any CPU
	EndGlobalSection
	GlobalSection(ProjectConfigurationPlatforms) = postSolution
		{F30627FD-0D97-4C63-9CC6-DF19331F394A}.Debug|Any CPU.ActiveCfg = Debug|Any CPU
		{F30627FD-0D97-4C63-9CC6-DF19331F394A}.Debug|Any CPU.Build.0 = Debug|Any CPU
		{F30627FD-0D97-4C63-9CC6-DF19331F394A}.Release|Any CPU.ActiveCfg = Release|Any CPU
		{F30627FD-0D97-4C63-9CC6-DF19331F394A}.Release|Any CPU.Build.0 = Release|Any CPU
		{5CD7D2DF-1120-4184-9EFF-0FB56C5E24C1}.Debug|Any CPU.ActiveCfg = Debug|Any CPU
		{5CD7D2DF-1120-4184-9EFF-0FB56C5E24C1}.Debug|Any CPU.Build.0 = Debug|Any CPU
		{5CD7D2DF-1120-4184-9EFF-0FB56C5E24C1}.Release|Any CPU.ActiveCfg = Release|Any CPU
		{5CD7D2DF-1120-4184-9EFF-0FB56C5E24C1}.Release|Any CPU.Build.0 = Release|Any CPU
		{8968BC4C-F630-447D-BAAA-33F2C06561A6}.Debug|Any CPU.ActiveCfg = Debug|Any CPU
		{8968BC4C-F630-447D-BAAA-33F2C06561A6}.Debug|Any CPU.Build.0 = Debug|Any CPU
		{8968BC4C-F630-447D-BAAA-33F2C06561A6}.Release|Any CPU.ActiveCfg = Release|Any CPU
		{8968BC4C-F630-447D-BAAA-33F2C06561A6}.Release|Any CPU.Build.0 = Release|Any CPU
		{E956C8E4-0CBD-49E9-8C95-2F2D14F4EF4B}.Debug|Any CPU.ActiveCfg = Debug|Any CPU
		{E956C8E4-0CBD-49E9-8C95-2F2D14F4EF4B}.Debug|Any CPU.Build.0 = Debug|Any CPU
		{E956C8E4-0CBD-49E9-8C95-2F2D14F4EF4B}.Release|Any CPU.ActiveCfg = Release|Any CPU
		{E956C8E4-0CBD-49E9-8C95-2F2D14F4EF4B}.Release|Any CPU.Build.0 = Release|Any CPU
	EndGlobalSection
	GlobalSection(SolutionProperties) = preSolution
		HideSolutionNode = FALSE
	EndGlobalSection
EndGlobal
